Microsoft Visual Studio Solution File, Format Version 12.00
# Visual Studio Version 17
VisualStudioVersion = 17.5.2.0
MinimumVisualStudioVersion = 10.0.40219.1
Project("{FAE04EC0-301F-11D3-BF4B-00C04F79EFBC}") = "TransformacaoDados", "TransformacaoDados.csproj", "{DBF23F68-DD4D-D376-B6AF-5E994964119E}"
EndProject
Global
	GlobalSection(SolutionConfigurationPlatforms) = preSolution
		Debug|Any CPU = Debug|Any CPU
		Release|Any CPU = Release|Any CPU
	EndGlobalSection
	GlobalSection(ProjectConfigurationPlatforms) = postSolution
		{DBF23F68-DD4D-D376-B6AF-5E994964119E}.Debug|Any CPU.ActiveCfg = Debug|Any CPU
		{DBF23F68-DD4D-D376-B6AF-5E994964119E}.Debug|Any CPU.Build.0 = Debug|Any CPU
		{DBF23F68-DD4D-D376-B6AF-5E994964119E}.Release|Any CPU.ActiveCfg = Release|Any CPU
		{DBF23F68-DD4D-D376-B6AF-5E994964119E}.Release|Any CPU.Build.0 = Release|Any CPU
	EndGlobalSection
	GlobalSection(SolutionProperties) = preSolution
		HideSolutionNode = FALSE
	EndGlobalSection
	GlobalSection(ExtensibilityGlobals) = postSolution
		SolutionGuid = {82F5C40C-156F-44CC-BC6F-4AAF4EC43734}
	EndGlobalSection
EndGlobal
